Microsoft Visual Studio Solution File, Format Version 12.00
# Visual Studio 14
VisualStudioVersion = 14.0.24720.0
MinimumVisualStudioVersion = 10.0.40219.1
Project("{FAE04EC0-301F-11D3-BF4B-00C04F79EFBC}") = "Mvvmdex.iOS", "iOS\Mvvmdex.iOS.csproj", "{3618CFB8-2392-429D-A207-99A29C98EA72}"
EndProject
Project("{FAE04EC0-301F-11D3-BF4B-00C04F79EFBC}") = "Mvvmdex.Droid", "Droid\Mvvmdex.Droid.csproj", "{70557D69-0E28-4A41-A388-58E6DDDD7867}"
EndProject
Project("{FAE04EC0-301F-11D3-BF4B-00C04F79EFBC}") = "Mvvmdex.Models", "Models\Mvvmdex.Models.csproj", "{C9210475-1A05-47E9-9A47-0B5BD96C6841}"
EndProject
Project("{FAE04EC0-301F-11D3-BF4B-00C04F79EFBC}") = "Mvvmdex.ViewModels", "ViewModels\Mvvmdex.ViewModels.csproj", "{A29BD546-D168-4AC9-8354-D2841C070044}"
EndProject
Project("{FAE04EC0-301F-11D3-BF4B-00C04F79EFBC}") = "Mvvmdex.Views", "Views\Mvvmdex.Views.csproj", "{9CA4554B-0D0E-4315-B959-E758CA465626}"
EndProject
Global
	GlobalSection(SolutionConfigurationPlatforms) = preSolution
		Debug|Any CPU = Debug|Any CPU
		Debug|iPhone = Debug|iPhone
		Debug|iPhoneSimulator = Debug|iPhoneSimulator
		Release|Any CPU = Release|Any CPU
		Release|iPhone = Release|iPhone
		Release|iPhoneSimulator = Release|iPhoneSimulator
	EndGlobalSection
	GlobalSection(ProjectConfigurationPlatforms) = postSolution
		{3618CFB8-2392-429D-A207-99A29C98EA72}.Debug|Any CPU.ActiveCfg = Debug|iPhoneSimulator
		{3618CFB8-2392-429D-A207-99A29C98EA72}.Debug|Any CPU.Build.0 = Debug|iPhoneSimulator
		{3618CFB8-2392-429D-A207-99A29C98EA72}.Debug|iPhone.ActiveCfg = Debug|iPhone
		{3618CFB8-2392-429D-A207-99A29C98EA72}.Debug|iPhone.Build.0 = Debug|iPhone
		{3618CFB8-2392-429D-A207-99A29C98EA72}.Debug|iPhoneSimulator.ActiveCfg = Debug|iPhoneSimulator
		{3618CFB8-2392-429D-A207-99A29C98EA72}.Debug|iPhoneSimulator.Build.0 = Debug|iPhoneSimulator
		{3618CFB8-2392-429D-A207-99A29C98EA72}.Release|Any CPU.ActiveCfg = Debug|iPhoneSimulator
		{3618CFB8-2392-429D-A207-99A29C98EA72}.Release|Any CPU.Build.0 = Debug|iPhoneSimulator
		{3618CFB8-2392-429D-A207-99A29C98EA72}.Release|iPhone.ActiveCfg = Release|iPhone
		{3618CFB8-2392-429D-A207-99A29C98EA72}.Release|iPhone.Build.0 = Release|iPhone
		{3618CFB8-2392-429D-A207-99A29C98EA72}.Release|iPhoneSimulator.ActiveCfg = Release|iPhoneSimulator
		{3618CFB8-2392-429D-A207-99A29C98EA72}.Release|iPhoneSimulator.Build.0 = Release|iPhoneSimulator
		{70557D69-0E28-4A41-A388-58E6DDDD7867}.Debug|Any CPU.ActiveCfg = Debug|Any CPU
		{70557D69-0E28-4A41-A388-58E6DDDD7867}.Debug|Any CPU.Build.0 = Debug|Any CPU
		{70557D69-0E28-4A41-A388-58E6DDDD7867}.Debug|Any CPU.Deploy.0 = Debug|Any CPU
		{70557D69-0E28-4A41-A388-58E6DDDD7867}.Debug|iPhone.ActiveCfg = Debug|Any CPU
		{70557D69-0E28-4A41-A388-58E6DDDD7867}.Debug|iPhone.Build.0 = Debug|Any CPU
		{70557D69-0E28-4A41-A388-58E6DDDD7867}.Debug|iPhoneSimulator.ActiveCfg = Debug|Any CPU
		{70557D69-0E28-4A41-A388-58E6DDDD7867}.Debug|iPhoneSimulator.Build.0 = Debug|Any CPU
		{70557D69-0E28-4A41-A388-58E6DDDD7867}.Release|Any CPU.ActiveCfg = Release|Any CPU
		{70557D69-0E28-4A41-A388-58E6DDDD7867}.Release|Any CPU.Build.0 = Release|Any CPU
		{70557D69-0E28-4A41-A388-58E6DDDD7867}.Release|iPhone.ActiveCfg = Release|Any CPU
		{70557D69-0E28-4A41-A388-58E6DDDD7867}.Release|iPhone.Build.0 = Release|Any CPU
		{70557D69-0E28-4A41-A388-58E6DDDD7867}.Release|iPhoneSimulator.ActiveCfg = Release|Any CPU
		{70557D69-0E28-4A41-A388-58E6DDDD7867}.Release|iPhoneSimulator.Build.0 = Release|Any CPU
		{C9210475-1A05-47E9-9A47-0B5BD96C6841}.Debug|Any CPU.ActiveCfg = Debug|Any CPU
		{C9210475-1A05-47E9-9A47-0B5BD96C6841}.Debug|Any CPU.Build.0 = Debug|Any CPU
		{C9210475-1A05-47E9-9A47-0B5BD96C6841}.Debug|iPhone.ActiveCfg = Debug|Any CPU
		{C9210475-1A05-47E9-9A47-0B5BD96C6841}.Debug|iPhone.Build.0 = Debug|Any CPU
		{C9210475-1A05-47E9-9A47-0B5BD96C6841}.Debug|iPhoneSimulator.ActiveCfg = Debug|Any CPU
		{C9210475-1A05-47E9-9A47-0B5BD96C6841}.Debug|iPhoneSimulator.Build.0 = Debug|Any CPU
		{C9210475-1A05-47E9-9A47-0B5BD96C6841}.Release|Any CPU.ActiveCfg = Release|Any CPU
		{C9210475-1A05-47E9-9A47-0B5BD96C6841}.Release|Any CPU.Build.0 = Release|Any CPU
		{C9210475-1A05-47E9-9A47-0B5BD96C6841}.Release|iPhone.ActiveCfg = Release|Any CPU
		{C9210475-1A05-47E9-9A47-0B5BD96C6841}.Release|iPhone.Build.0 = Release|Any CPU
		{C9210475-1A05-47E9-9A47-0B5BD96C6841}.Release|iPhoneSimulator.ActiveCfg = Release|Any CPU
		{C9210475-1A05-47E9-9A47-0B5BD96C6841}.Release|iPhoneSimulator.Build.0 = Release|Any CPU
		{A29BD546-D168-4AC9-8354-D2841C070044}.Debug|Any CPU.ActiveCfg = Debug|Any CPU
		{A29BD546-D168-4AC9-8354-D2841C070044}.Debug|Any CPU.Build.0 = Debug|Any CPU
		{A29BD546-D168-4AC9-8354-D2841C070044}.Debug|iPhone.ActiveCfg = Debug|Any CPU
		{A29BD546-D168-4AC9-8354-D2841C070044}.Debug|iPhone.Build.0 = Debug|Any CPU
		{A29BD546-D168-4AC9-8354-D2841C070044}.Debug|iPhoneSimulator.ActiveCfg = Debug|Any CPU
		{A29BD546-D168-4AC9-8354-D2841C070044}.Debug|iPhoneSimulator.Build.0 = Debug|Any CPU
		{A29BD546-D168-4AC9-8354-D2841C070044}.Release|Any CPU.ActiveCfg = Release|Any CPU
		{A29BD546-D168-4AC9-8354-D2841C070044}.Release|Any CPU.Build.0 = Release|Any CPU
		{A29BD546-D168-4AC9-8354-D2841C070044}.Release|iPhone.ActiveCfg = Release|Any CPU
		{A29BD546-D168-4AC9-8354-D2841C070044}.Release|iPhone.Build.0 = Release|Any CPU
		{A29BD546-D168-4AC9-8354-D2841C070044}.Release|iPhoneSimulator.ActiveCfg = Release|Any CPU
		{A29BD546-D168-4AC9-8354-D2841C070044}.Release|iPhoneSimulator.Build.0 = Release|Any CPU
		{9CA4554B-0D0E-4315-B959-E758CA465626}.Debug|Any CPU.ActiveCfg = Debug|Any CPU
		{9CA4554B-0D0E-4315-B959-E758CA465626}.Debug|Any CPU.Build.0 = Debug|Any CPU
		{9CA4554B-0D0E-4315-B959-E758CA465626}.Debug|iPhone.ActiveCfg = Debug|Any CPU
		{9CA4554B-0D0E-4315-B959-E758CA465626}.Debug|iPhone.Build.0 = Debug|Any CPU
		{9CA4554B-0D0E-4315-B959-E758CA465626}.Debug|iPhoneSimulator.ActiveCfg = Debug|Any CPU
		{9CA4554B-0D0E-4315-B959-E758CA465626}.Debug|iPhoneSimulator.Build.0 = Debug|Any CPU
		{9CA4554B-0D0E-4315-B959-E758CA465626}.Release|Any CPU.ActiveCfg = Release|Any CPU
		{9CA4554B-0D0E-4315-B959-E758CA465626}.Release|Any CPU.Build.0 = Release|Any CPU
		{9CA4554B-0D0E-4315-B959-E758CA465626}.Release|iPhone.ActiveCfg = Release|Any CPU
		{9CA4554B-0D0E-4315-B959-E758CA465626}.Release|iPhone.Build.0 = Release|Any CPU
		{9CA4554B-0D0E-4315-B959-E758CA465626}.Release|iPhoneSimulator.ActiveCfg = Release|Any CPU
		{9CA4554B-0D0E-4315-B959-E758CA465626}.Release|iPhoneSimulator.Build.0 = Release|Any CPU
	EndGlobalSection
	GlobalSection(SolutionProperties) = preSolution
		HideSolutionNode = FALSE
	EndGlobalSection
EndGlobal
